
Microsoft Visual Studio Solution File, Format Version 12.00
# Visual Studio Version 16
VisualStudioVersion = 16.0.33423.256
MinimumVisualStudioVersion = 10.0.40219.1
Project("{9A19103F-16F7-4668-BE54-9A1E7A4F7556}") = "SalesManagementAPI", "SalesManagementAPI.csproj", "{860A5A68-C762-44A5-8B94-8D6DDD783C81}"
EndProject
Project("{9A19103F-16F7-4668-BE54-9A1E7A4F7556}") = "SalesWebAppClient", "..\SalesWebAppClient\SalesWebAppClient.csproj", "{FDC95CFF-9471-4F74-A578-C0E7840F5AC6}"
EndProject
Global
	GlobalSection(SolutionConfigurationPlatforms) = preSolution
		Debug|Any CPU = Debug|Any CPU
		Release|Any CPU = Release|Any CPU
	EndGlobalSection
	GlobalSection(ProjectConfigurationPlatforms) = postSolution
		{860A5A68-C762-44A5-8B94-8D6DDD783C81}.Debug|Any CPU.ActiveCfg = Debug|Any CPU
		{860A5A68-C762-44A5-8B94-8D6DDD783C81}.Debug|Any CPU.Build.0 = Debug|Any CPU
		{860A5A68-C762-44A5-8B94-8D6DDD783C81}.Release|Any CPU.ActiveCfg = Release|Any CPU
		{860A5A68-C762-44A5-8B94-8D6DDD783C81}.Release|Any CPU.Build.0 = Release|Any CPU
		{FDC95CFF-9471-4F74-A578-C0E7840F5AC6}.Debug|Any CPU.ActiveCfg = Debug|Any CPU
		{FDC95CFF-9471-4F74-A578-C0E7840F5AC6}.Debug|Any CPU.Build.0 = Debug|Any CPU
		{FDC95CFF-9471-4F74-A578-C0E7840F5AC6}.Release|Any CPU.ActiveCfg = Release|Any CPU
		{FDC95CFF-9471-4F74-A578-C0E7840F5AC6}.Release|Any CPU.Build.0 = Release|Any CPU
	EndGlobalSection
	GlobalSection(SolutionProperties) = preSolution
		HideSolutionNode = FALSE
	EndGlobalSection
	GlobalSection(ExtensibilityGlobals) = postSolution
		SolutionGuid = {C24FC825-30A4-492F-BE62-54FD0E377FF1}
	EndGlobalSection
EndGlobal
